// !$*UTF8*$!
{
	archiveVersion = 1;
	classes = {
	};
	objectVersion = 77;
	objects = {

/* Begin PBXContainerItemProxy section */
		97F945F42ECC79A0000AEB63 /* PBXContainerItemProxy */ = {
			isa = PBXContainerItemProxy;
			containerPortal = 97F945DE2ECC799F000AEB63 /* Project object */;
			proxyType = 1;
			remoteGlobalIDString = 97F945E52ECC799F000AEB63;
			remoteInfo = RealtimePriceTracker;
		};
		97F945FE2ECC79A0000AEB63 /* PBXContainerItemProxy */ = {
			isa = PBXContainerItemProxy;
			containerPortal = 97F945DE2ECC799F000AEB63 /* Project object */;
			proxyType = 1;
			remoteGlobalIDString = 97F945E52ECC799F000AEB63;
			remoteInfo = RealtimePriceTracker;
		};
/* End PBXContainerItemProxy section */

/* Begin PBXFileReference section */
		97F945E62ECC799F000AEB63 /* RealtimePriceTracker.app */ = {isa = PBXFileReference; explicitFileType = wrapper.application; includeInIndex = 0; path = RealtimePriceTracker.app; sourceTree = BUILT_PRODUCTS_DIR; };
		97F945F32ECC79A0000AEB63 /* RealtimePriceTrackerTests.xctest */ = {isa = PBXFileReference; explicitFileType = wrapper.cfbundle; includeInIndex = 0; path = RealtimePriceTrackerTests.xctest; sourceTree = BUILT_PRODUCTS_DIR; };
		97F945FD2ECC79A0000AEB63 /* RealtimePriceTrackerUITests.xctest */ = {isa = PBXFileReference; explicitFileType = wrapper.cfbundle; includeInIndex = 0; path = RealtimePriceTrackerUITests.xctest; sourceTree = BUILT_PRODUCTS_DIR; };
/* End PBXFileReference section */

/* Begin PBXFileSystemSynchronizedBuildFileExceptionSet section */
		97F946DF2ECCF5D2000AEB63 /* Exceptions for "RealtimePriceTracker" folder in "RealtimePriceTracker" target */ = {
			isa = PBXFileSystemSynchronizedBuildFileExceptionSet;
			membershipExceptions = (
				Info.plist,
			);
			target = 97F945E52ECC799F000AEB63 /* RealtimePriceTracker */;
		};
/* End PBXFileSystemSynchronizedBuildFileExceptionSet section */

/* Begin PBXFileSystemSynchronizedRootGroup section */
		97F945E82ECC799F000AEB63 /* RealtimePriceTracker */ = {
			isa = PBXFileSystemSynchronizedRootGroup;
			exceptions = (
				97F946DF2ECCF5D2000AEB63 /* Exceptions for "RealtimePriceTracker" folder in "RealtimePriceTracker" target */,
			);
			path = RealtimePriceTracker;
			sourceTree = "<group>";
		};
		97F945F62ECC79A0000AEB63 /* RealtimePriceTrackerTests */ = {
			isa = PBXFileSystemSynchronizedRootGroup;
			path = RealtimePriceTrackerTests;
			sourceTree = "<group>";
		};
		97F946002ECC79A0000AEB63 /* RealtimePriceTrackerUITests */ = {
			isa = PBXFileSystemSynchronizedRootGroup;
			path = RealtimePriceTrackerUITests;
			sourceTree = "<group>";
		};
/* End PBXFileSystemSynchronizedRootGroup section */

/* Begin PBXFrameworksBuildPhase section */
		97F945E32ECC799F000AEB63 /* Frameworks */ = {
			isa = PBXFrameworksBuildPhase;
			buildActionMask = 2147483647;
			files = (
			);
			runOnlyForDeploymentPostprocessing = 0;
		};
		97F945F02ECC79A0000AEB63 /* Frameworks */ = {
			isa = PBXFrameworksBuildPhase;
			buildActionMask = 2147483647;
			files = (
			);
			runOnlyForDeploymentPostprocessing = 0;
		};
		97F945FA2ECC79A0000AEB63 /* Frameworks */ = {
			isa = PBXFrameworksBuildPhase;
			buildActionMask = 2147483647;
			files = (
			);
			runOnlyForDeploymentPostprocessing = 0;
		};
/* End PBXFrameworksBuildPhase section */

/* Begin PBXGroup section */
		97F945DD2ECC799F000AEB63 = {
			isa = PBXGroup;
			children = (
				97F945E82ECC799F000AEB63 /* RealtimePriceTracker */,
				97F945F62ECC79A0000AEB63 /* RealtimePriceTrackerTests */,
				97F946002ECC79A0000AEB63 /* RealtimePriceTrackerUITests */,
				97F945E72ECC799F000AEB63 /* Products */,
			);
			sourceTree = "<group>";
		};
		97F945E72ECC799F000AEB63 /* Products */ = {
			isa = PBXGroup;
			children = (
				97F945E62ECC799F000AEB63 /* RealtimePriceTracker.app */,
				97F945F32ECC79A0000AEB63 /* RealtimePriceTrackerTests.xctest */,
				97F945FD2ECC79A0000AEB63 /* RealtimePriceTrackerUITests.xctest */,
			);
			name = Products;
			sourceTree = "<group>";
		};
/* End PBXGroup section */

/* Begin PBXNativeTarget section */
		97F945E52ECC799F000AEB63 /* RealtimePriceTracker */ = {
			isa = PBXNativeTarget;
			buildConfigurationList = 97F946072ECC79A0000AEB63 /* Build configuration list for PBXNativeTarget "RealtimePriceTracker" */;
			buildPhases = (
				97F945E22ECC799F000AEB63 /* Sources */,
				97F945E32ECC799F000AEB63 /* Frameworks */,
				97F945E42ECC799F000AEB63 /* Resources */,
			);
			buildRules = (
			);
			dependencies = (
			);
			fileSystemSynchronizedGroups = (
				97F945E82ECC799F000AEB63 /* RealtimePriceTracker */,
			);
			name = RealtimePriceTracker;
			packageProductDependencies = (
			);
			productName = RealtimePriceTracker;
			productReference = 97F945E62ECC799F000AEB63 /* RealtimePriceTracker.app */;
			productType = "com.apple.product-type.application";
		};
		97F945F22ECC79A0000AEB63 /* RealtimePriceTrackerTests */ = {
			isa = PBXNativeTarget;
			buildConfigurationList = 97F9460A2ECC79A0000AEB63 /* Build configuration list for PBXNativeTarget "RealtimePriceTrackerTests" */;
			buildPhases = (
				97F945EF2ECC79A0000AEB63 /* Sources */,
				97F945F02ECC79A0000AEB63 /* Frameworks */,
				97F945F12ECC79A0000AEB63 /* Resources */,
			);
			buildRules = (
			);
			dependencies = (
				97F945F52ECC79A0000AEB63 /* PBXTargetDependency */,
			);
			fileSystemSynchronizedGroups = (
				97F945F62ECC79A0000AEB63 /* RealtimePriceTrackerTests */,
			);
			name = RealtimePriceTrackerTests;
			packageProductDependencies = (
			);
			productName = RealtimePriceTrackerTests;
			productReference = 97F945F32ECC79A0000AEB63 /* RealtimePriceTrackerTests.xctest */;
			productType = "com.apple.product-type.bundle.unit-test";
		};
		97F945FC2ECC79A0000AEB63 /* RealtimePriceTrackerUITests */ = {
			isa = PBXNativeTarget;
			buildConfigurationList = 97F9460D2ECC79A0000AEB63 /* Build configuration list for PBXNativeTarget "RealtimePriceTrackerUITests" */;
			buildPhases = (
				97F945F92ECC79A0000AEB63 /* Sources */,
				97F945FA2ECC79A0000AEB63 /* Frameworks */,
				97F945FB2ECC79A0000AEB63 /* Resources */,
			);
			buildRules = (
			);
			dependencies = (
				97F945FF2ECC79A0000AEB63 /* PBXTargetDependency */,
			);
			fileSystemSynchronizedGroups = (
				97F946002ECC79A0000AEB63 /* RealtimePriceTrackerUITests */,
			);
			name = RealtimePriceTrackerUITests;
			packageProductDependencies = (
			);
			productName = RealtimePriceTrackerUITests;
			productReference = 97F945FD2ECC79A0000AEB63 /* RealtimePriceTrackerUITests.xctest */;
			productType = "com.apple.product-type.bundle.ui-testing";
		};
/* End PBXNativeTarget section */

/* Begin PBXProject section */
		97F945DE2ECC799F000AEB63 /* Project object */ = {
			isa = PBXProject;
			attributes = {
				BuildIndependentTargetsInParallel = 1;
				LastSwiftUpdateCheck = 2600;
				LastUpgradeCheck = 2600;
				TargetAttributes = {
					97F945E52ECC799F000AEB63 = {
						CreatedOnToolsVersion = 26.0.1;
					};
					97F945F22ECC79A0000AEB63 = {
						CreatedOnToolsVersion = 26.0.1;
						TestTargetID = 97F945E52ECC799F000AEB63;
					};
					97F945FC2ECC79A0000AEB63 = {
						CreatedOnToolsVersion = 26.0.1;
						TestTargetID = 97F945E52ECC799F000AEB63;
					};
				};
			};
			buildConfigurationList = 97F945E12ECC799F000AEB63 /* Build configuration list for PBXProject "RealtimePriceTracker" */;
			developmentRegion = en;
			hasScannedForEncodings = 0;
			knownRegions = (
				en,
				Base,
			);
			mainGroup = 97F945DD2ECC799F000AEB63;
			minimizedProjectReferenceProxies = 1;
			preferredProjectObjectVersion = 77;
			productRefGroup = 97F945E72ECC799F000AEB63 /* Products */;
			projectDirPath = "";
			projectRoot = "";
			targets = (
				97F945E52ECC799F000AEB63 /* RealtimePriceTracker */,
				97F945F22ECC79A0000AEB63 /* RealtimePriceTrackerTests */,
				97F945FC2ECC79A0000AEB63 /* RealtimePriceTrackerUITests */,
			);
		};
/* End PBXProject section */

/* Begin PBXResourcesBuildPhase section */
		97F945E42ECC799F000AEB63 /* Resources */ = {
			isa = PBXResourcesBuildPhase;
			buildActionMask = 2147483647;
			files = (
			);
			runOnlyForDeploymentPostprocessing = 0;
		};
		97F945F12ECC79A0000AEB63 /* Resources */ = {
			isa = PBXResourcesBuildPhase;
			buildActionMask = 2147483647;
			files = (
			);
			runOnlyForDeploymentPostprocessing = 0;
		};
		97F945FB2ECC79A0000AEB63 /* Resources */ = {
			isa = PBXResourcesBuildPhase;
			buildActionMask = 2147483647;
			files = (
			);
			runOnlyForDeploymentPostprocessing = 0;
		};
/* End PBXResourcesBuildPhase section */

/* Begin PBXSourcesBuildPhase section */
		97F945E22ECC799F000AEB63 /* Sources */ = {
			isa = PBXSourcesBuildPhase;
			buildActionMask = 2147483647;
			files = (
			);
			runOnlyForDeploymentPostprocessing = 0;
		};
		97F945EF2ECC79A0000AEB63 /* Sources */ = {
			isa = PBXSourcesBuildPhase;
			buildActionMask = 2147483647;
			files = (
			);
			runOnlyForDeploymentPostprocessing = 0;
		};
		97F945F92ECC79A0000AEB63 /* Sources */ = {
			isa = PBXSourcesBuildPhase;
			buildActionMask = 2147483647;
			files = (
			);
			runOnlyForDeploymentPostprocessing = 0;
		};
/* End PBXSourcesBuildPhase section */

/* Begin PBXTargetDependency section */
		97F945F52ECC79A0000AEB63 /* PBXTargetDependency */ = {
			isa = PBXTargetDependency;
			target = 97F945E52ECC799F000AEB63 /* RealtimePriceTracker */;
			targetProxy = 97F945F42ECC79A0000AEB63 /* PBXContainerItemProxy */;
		};
		97F945FF2ECC79A0000AEB63 /* PBXTargetDependency */ = {
			isa = PBXTargetDependency;
			target = 97F945E52ECC799F000AEB63 /* RealtimePriceTracker */;
			targetProxy = 97F945FE2ECC79A0000AEB63 /* PBXContainerItemProxy */;
		};
/* End PBXTargetDependency section */

/* Begin XCBuildConfiguration section */
		97F946052ECC79A0000AEB63 /* Debug */ = {
			isa = XCBuildConfiguration;
			buildSettings = {
				ALWAYS_SEARCH_USER_PATHS = NO;
				ASSETCATALOG_COMPILER_GENERATE_SWIFT_ASSET_SYMBOL_EXTENSIONS = YES;
				CLANG_ANALYZER_NONNULL = YES;
				CLANG_ANALYZER_NUMBER_OBJECT_CONVERSION = YES_AGGRESSIVE;
				CLANG_CXX_LANGUAGE_STANDARD = "gnu++20";
				CLANG_ENABLE_MODULES = YES;
				CLANG_ENABLE_OBJC_ARC = YES;
				CLANG_ENABLE_OBJC_WEAK = YES;
				CLANG_WARN_BLOCK_CAPTURE_AUTORELEASING = YES;
				CLANG_WARN_BOOL_CONVERSION = YES;
				CLANG_WARN_COMMA = YES;
				CLANG_WARN_CONSTANT_CONVERSION = YES;
				CLANG_WARN_DEPRECATED_OBJC_IMPLEMENTATIONS = YES;
				CLANG_WARN_DIRECT_OBJC_ISA_USAGE = YES_ERROR;
				CLANG_WARN_DOCUMENTATION_COMMENTS = YES;
				CLANG_WARN_EMPTY_BODY = YES;
				CLANG_WARN_ENUM_CONVERSION = YES;
				CLANG_WARN_INFINITE_RECURSION = YES;
				CLANG_WARN_INT_CONVERSION = YES;
				CLANG_WARN_NON_LITERAL_NULL_CONVERSION = YES;
				CLANG_WARN_OBJC_IMPLICIT_RETAIN_SELF = YES;
				CLANG_WARN_OBJC_LITERAL_CONVERSION = YES;
				CLANG_WARN_OBJC_ROOT_CLASS = YES_ERROR;
				CLANG_WARN_QUOTED_INCLUDE_IN_FRAMEWORK_HEADER = YES;
				CLANG_WARN_RANGE_LOOP_ANALYSIS = YES;
				CLANG_WARN_STRICT_PROTOTYPES = YES;
				CLANG_WARN_SUSPICIOUS_MOVE = YES;
				CLANG_WARN_UNGUARDED_AVAILABILITY = YES_AGGRESSIVE;
				CLANG_WARN_UNREACHABLE_CODE = YES;
				CLANG_WARN__DUPLICATE_METHOD_MATCH = YES;
				COPY_PHASE_STRIP = NO;
				DEBUG_INFORMATION_FORMAT = dwarf;
				DEVELOPMENT_TEAM = ZUNKAWDXET;
				ENABLE_STRICT_OBJC_MSGSEND = YES;
				ENABLE_TESTABILITY = YES;
				ENABLE_USER_SCRIPT_SANDBOXING = YES;
				GCC_C_LANGUAGE_STANDARD = gnu17;
				GCC_DYNAMIC_NO_PIC = NO;
				GCC_NO_COMMON_BLOCKS = YES;
				GCC_OPTIMIZATION_LEVEL = 0;
				GCC_PREPROCESSOR_DEFINITIONS = (
					"DEBUG=1",
					"$(inherited)",
				);
				GCC_WARN_64_TO_32_BIT_CONVERSION = YES;
				GCC_WARN_ABOUT_RETURN_TYPE = YES_ERROR;
				GCC_WARN_UNDECLARED_SELECTOR = YES;
				GCC_WARN_UNINITIALIZED_AUTOS = YES_AGGRESSIVE;
				GCC_WARN_UNUSED_FUNCTION = YES;
				GCC_WARN_UNUSED_VARIABLE = YES;
				IPHONEOS_DEPLOYMENT_TARGET = 26.0;
				LOCALIZATION_PREFERS_STRING_CATALOGS = YES;
				MTL_ENABLE_DEBUG_INFO = INCLUDE_SOURCE;
				MTL_FAST_MATH = YES;
				ONLY_ACTIVE_ARCH = YES;
				SDKROOT = iphoneos;
				SWIFT_ACTIVE_COMPILATION_CONDITIONS = "DEBUG $(inherited)";
				SWIFT_OPTIMIZATION_LEVEL = "-Onone";
			};
			name = Debug;
		};
		97F946062ECC79A0000AEB63 /* Release */ = {
			isa = XCBuildConfiguration;
			buildSettings = {
				ALWAYS_SEARCH_USER_PATHS = NO;
				ASSETCATALOG_COMPILER_GENERATE_SWIFT_ASSET_SYMBOL_EXTENSIONS = YES;
				CLANG_ANALYZER_NONNULL = YES;
				CLANG_ANALYZER_NUMBER_OBJECT_CONVERSION = YES_AGGRESSIVE;
				CLANG_CXX_LANGUAGE_STANDARD = "gnu++20";
				CLANG_ENABLE_MODULES = YES;
				CLANG_ENABLE_OBJC_ARC = YES;
				CLANG_ENABLE_OBJC_WEAK = YES;
				CLANG_WARN_BLOCK_CAPTURE_AUTORELEASING = YES;
				CLANG_WARN_BOOL_CONVERSION = YES;
				CLANG_WARN_COMMA = YES;
				CLANG_WARN_CONSTANT_CONVERSION = YES;
				CLANG_WARN_DEPRECATED_OBJC_IMPLEMENTATIONS = YES;
				CLANG_WARN_DIRECT_OBJC_ISA_USAGE = YES_ERROR;
				CLANG_WARN_DOCUMENTATION_COMMENTS = YES;
				CLANG_WARN_EMPTY_BODY = YES;
				CLANG_WARN_ENUM_CONVERSION = YES;
				CLANG_WARN_INFINITE_RECURSION = YES;
				CLANG_WARN_INT_CONVERSION = YES;
				CLANG_WARN_NON_LITERAL_NULL_CONVERSION = YES;
				CLANG_WARN_OBJC_IMPLICIT_RETAIN_SELF = YES;
				CLANG_WARN_OBJC_LITERAL_CONVERSION = YES;
				CLANG_WARN_OBJC_ROOT_CLASS = YES_ERROR;
				CLANG_WARN_QUOTED_INCLUDE_IN_FRAMEWORK_HEADER = YES;
				CLANG_WARN_RANGE_LOOP_ANALYSIS = YES;
				CLANG_WARN_STRICT_PROTOTYPES = YES;
				CLANG_WARN_SUSPICIOUS_MOVE = YES;
				CLANG_WARN_UNGUARDED_AVAILABILITY = YES_AGGRESSIVE;
				CLANG_WARN_UNREACHABLE_CODE = YES;
				CLANG_WARN__DUPLICATE_METHOD_MATCH = YES;
				COPY_PHASE_STRIP = NO;
				DEBUG_INFORMATION_FORMAT = "dwarf-with-dsym";
				DEVELOPMENT_TEAM = ZUNKAWDXET;
				ENABLE_NS_ASSERTIONS = NO;
				ENABLE_STRICT_OBJC_MSGSEND = YES;
				ENABLE_USER_SCRIPT_SANDBOXING = YES;
				GCC_C_LANGUAGE_STANDARD = gnu17;
				GCC_NO_COMMON_BLOCKS = YES;
				GCC_WARN_64_TO_32_BIT_CONVERSION = YES;
				GCC_WARN_ABOUT_RETURN_TYPE = YES_ERROR;
				GCC_WARN_UNDECLARED_SELECTOR = YES;
				GCC_WARN_UNINITIALIZED_AUTOS = YES_AGGRESSIVE;
				GCC_WARN_UNUSED_FUNCTION = YES;
				GCC_WARN_UNUSED_VARIABLE = YES;
				IPHONEOS_DEPLOYMENT_TARGET = 26.0;
				LOCALIZATION_PREFERS_STRING_CATALOGS = YES;
				MTL_ENABLE_DEBUG_INFO = NO;
				MTL_FAST_MATH = YES;
				SDKROOT = iphoneos;
				SWIFT_COMPILATION_MODE = wholemodule;
				VALIDATE_PRODUCT = YES;
			};
			name = Release;
		};
		97F946082ECC79A0000AEB63 /* Debug */ = {
			isa = XCBuildConfiguration;
			buildSettings = {
				ASSETCATALOG_COMPILER_APPICON_NAME = AppIcon;
				ASSETCATALOG_COMPILER_GLOBAL_ACCENT_COLOR_NAME = AccentColor;
				CODE_SIGN_STYLE = Automatic;
				CURRENT_PROJECT_VERSION = 1;
				DEVELOPMENT_TEAM = ZUNKAWDXET;
				ENABLE_PREVIEWS = YES;
				GENERATE_INFOPLIST_FILE = YES;
				INFOPLIST_FILE = RealtimePriceTracker/Info.plist;
				INFOPLIST_KEY_UIApplicationSceneManifest_Generation = YES;
				INFOPLIST_KEY_UIApplicationSupportsIndirectInputEvents = YES;
				INFOPLIST_KEY_UILaunchScreen_Generation = YES;
				INFOPLIST_KEY_UISupportedInterfaceOrientations_iPad = "UIInterfaceOrientationPortrait UIInterfaceOrientationPortraitUpsideDown UIInterfaceOrientationLandscapeLeft UIInterfaceOrientationLandscapeRight";
				INFOPLIST_KEY_UISupportedInterfaceOrientations_iPhone = "UIInterfaceOrientationPortrait UIInterfaceOrientationLandscapeLeft UIInterfaceOrientationLandscapeRight";
				IPHONEOS_DEPLOYMENT_TARGET = 17.6;
				LD_RUNPATH_SEARCH_PATHS = (
					"$(inherited)",
					"@executable_path/Frameworks",
				);
				MARKETING_VERSION = 1.0;
				PRODUCT_BUNDLE_IDENTIFIER = com.realtimepricetracker.com.RealtimePriceTracker;
				PRODUCT_NAME = "$(TARGET_NAME)";
				STRING_CATALOG_GENERATE_SYMBOLS = YES;
				SWIFT_APPROACHABLE_CONCURRENCY = YES;
				SWIFT_DEFAULT_ACTOR_ISOLATION = MainActor;
				SWIFT_EMIT_LOC_STRINGS = YES;
				SWIFT_UPCOMING_FEATURE_MEMBER_IMPORT_VISIBILITY = YES;
				SWIFT_VERSION = 5.0;
				TARGETED_DEVICE_FAMILY = "1,2";
			};
			name = Debug;
		};
		97F946092ECC79A0000AEB63 /* Release */ = {
			isa = XCBuildConfiguration;
			buildSettings = {
				ASSETCATALOG_COMPILER_APPICON_NAME = AppIcon;
				ASSETCATALOG_COMPILER_GLOBAL_ACCENT_COLOR_NAME = AccentColor;
				CODE_SIGN_STYLE = Automatic;
				CURRENT_PROJECT_VERSION = 1;
				DEVELOPMENT_TEAM = ZUNKAWDXET;
				ENABLE_PREVIEWS = YES;
				GENERATE_INFOPLIST_FILE = YES;
				INFOPLIST_FILE = RealtimePriceTracker/Info.plist;
				INFOPLIST_KEY_UIApplicationSceneManifest_Generation = YES;
				INFOPLIST_KEY_UIApplicationSupportsIndirectInputEvents = YES;
				INFOPLIST_KEY_UILaunchScreen_Generation = YES;
				INFOPLIST_KEY_UISupportedInterfaceOrientations_iPad = "UIInterfaceOrientationPortrait UIInterfaceOrientationPortraitUpsideDown UIInterfaceOrientationLandscapeLeft UIInterfaceOrientationLandscapeRight";
				INFOPLIST_KEY_UISupportedInterfaceOrientations_iPhone = "UIInterfaceOrientationPortrait UIInterfaceOrientationLandscapeLeft UIInterfaceOrientationLandscapeRight";
				IPHONEOS_DEPLOYMENT_TARGET = 17.6;
				LD_RUNPATH_SEARCH_PATHS = (
					"$(inherited)",
					"@executable_path/Frameworks",
				);
				MARKETING_VERSION = 1.0;
				PRODUCT_BUNDLE_IDENTIFIER = com.realtimepricetracker.com.RealtimePriceTracker;
				PRODUCT_NAME = "$(TARGET_NAME)";
				STRING_CATALOG_GENERATE_SYMBOLS = YES;
				SWIFT_APPROACHABLE_CONCURRENCY = YES;
				SWIFT_DEFAULT_ACTOR_ISOLATION = MainActor;
				SWIFT_EMIT_LOC_STRINGS = YES;
				SWIFT_UPCOMING_FEATURE_MEMBER_IMPORT_VISIBILITY = YES;
				SWIFT_VERSION = 5.0;
				TARGETED_DEVICE_FAMILY = "1,2";
			};
			name = Release;
		};
		97F9460B2ECC79A0000AEB63 /* Debug */ = {
			isa = XCBuildConfiguration;
			buildSettings = {
				BUNDLE_LOADER = "$(TEST_HOST)";
				CODE_SIGN_STYLE = Automatic;
				CURRENT_PROJECT_VERSION = 1;
				DEVELOPMENT_TEAM = ZUNKAWDXET;
				GENERATE_INFOPLIST_FILE = YES;
				IPHONEOS_DEPLOYMENT_TARGET = 26.0;
				MARKETING_VERSION = 1.0;
				PRODUCT_BUNDLE_IDENTIFIER = com.realtimepricetracker.com.RealtimePriceTrackerTests;
				PRODUCT_NAME = "$(TARGET_NAME)";
				STRING_CATALOG_GENERATE_SYMBOLS = NO;
				SWIFT_APPROACHABLE_CONCURRENCY = YES;
				SWIFT_EMIT_LOC_STRINGS = NO;
				SWIFT_UPCOMING_FEATURE_MEMBER_IMPORT_VISIBILITY = YES;
				SWIFT_VERSION = 5.0;
				TARGETED_DEVICE_FAMILY = "1,2";
				TEST_HOST = "$(BUILT_PRODUCTS_DIR)/RealtimePriceTracker.app/$(BUNDLE_EXECUTABLE_FOLDER_PATH)/RealtimePriceTracker";
			};
			name = Debug;
		};
		97F9460C2ECC79A0000AEB63 /* Release */ = {
			isa = XCBuildConfiguration;
			buildSettings = {
				BUNDLE_LOADER = "$(TEST_HOST)";
				CODE_SIGN_STYLE = Automatic;
				CURRENT_PROJECT_VERSION = 1;
				DEVELOPMENT_TEAM = ZUNKAWDXET;
				GENERATE_INFOPLIST_FILE = YES;
				IPHONEOS_DEPLOYMENT_TARGET = 26.0;
				MARKETING_VERSION = 1.0;
				PRODUCT_BUNDLE_IDENTIFIER = com.realtimepricetracker.com.RealtimePriceTrackerTests;
				PRODUCT_NAME = "$(TARGET_NAME)";
				STRING_CATALOG_GENERATE_SYMBOLS = NO;
				SWIFT_APPROACHABLE_CONCURRENCY = YES;
				SWIFT_EMIT_LOC_STRINGS = NO;
				SWIFT_UPCOMING_FEATURE_MEMBER_IMPORT_VISIBILITY = YES;
				SWIFT_VERSION = 5.0;
				TARGETED_DEVICE_FAMILY = "1,2";
				TEST_HOST = "$(BUILT_PRODUCTS_DIR)/RealtimePriceTracker.app/$(BUNDLE_EXECUTABLE_FOLDER_PATH)/RealtimePriceTracker";
			};
			name = Release;
		};
		97F9460E2ECC79A0000AEB63 /* Debug */ = {
			isa = XCBuildConfiguration;
			buildSettings = {
				CODE_SIGN_STYLE = Automatic;
				CURRENT_PROJECT_VERSION = 1;
				DEVELOPMENT_TEAM = ZUNKAWDXET;
				GENERATE_INFOPLIST_FILE = YES;
				MARKETING_VERSION = 1.0;
				PRODUCT_BUNDLE_IDENTIFIER = com.realtimepricetracker.com.RealtimePriceTrackerUITests;
				PRODUCT_NAME = "$(TARGET_NAME)";
				STRING_CATALOG_GENERATE_SYMBOLS = NO;
				SWIFT_APPROACHABLE_CONCURRENCY = YES;
				SWIFT_EMIT_LOC_STRINGS = NO;
				SWIFT_UPCOMING_FEATURE_MEMBER_IMPORT_VISIBILITY = YES;
				SWIFT_VERSION = 5.0;
				TARGETED_DEVICE_FAMILY = "1,2";
				TEST_TARGET_NAME = RealtimePriceTracker;
			};
			name = Debug;
		};
		97F9460F2ECC79A0000AEB63 /* Release */ = {
			isa = XCBuildConfiguration;
			buildSettings = {
				CODE_SIGN_STYLE = Automatic;
				CURRENT_PROJECT_VERSION = 1;
				DEVELOPMENT_TEAM = ZUNKAWDXET;
				GENERATE_INFOPLIST_FILE = YES;
				MARKETING_VERSION = 1.0;
				PRODUCT_BUNDLE_IDENTIFIER = com.realtimepricetracker.com.RealtimePriceTrackerUITests;
				PRODUCT_NAME = "$(TARGET_NAME)";
				STRING_CATALOG_GENERATE_SYMBOLS = NO;
				SWIFT_APPROACHABLE_CONCURRENCY = YES;
				SWIFT_EMIT_LOC_STRINGS = NO;
				SWIFT_UPCOMING_FEATURE_MEMBER_IMPORT_VISIBILITY = YES;
				SWIFT_VERSION = 5.0;
				TARGETED_DEVICE_FAMILY = "1,2";
				TEST_TARGET_NAME = RealtimePriceTracker;
			};
			name = Release;
		};
/* End XCBuildConfiguration section */

/* Begin XCConfigurationList section */
		97F945E12ECC799F000AEB63 /* Build configuration list for PBXProject "RealtimePriceTracker" */ = {
			isa = XCConfigurationList;
			buildConfigurations = (
				97F946052ECC79A0000AEB63 /* Debug */,
				97F946062ECC79A0000AEB63 /* Release */,
			);
			defaultConfigurationIsVisible = 0;
			defaultConfigurationName = Release;
		};
		97F946072ECC79A0000AEB63 /* Build configuration list for PBXNativeTarget "RealtimePriceTracker" */ = {
			isa = XCConfigurationList;
			buildConfigurations = (
				97F946082ECC79A0000AEB63 /* Debug */,
				97F946092ECC79A0000AEB63 /* Release */,
			);
			defaultConfigurationIsVisible = 0;
			defaultConfigurationName = Release;
		};
		97F9460A2ECC79A0000AEB63 /* Build configuration list for PBXNativeTarget "RealtimePriceTrackerTests" */ = {
			isa = XCConfigurationList;
			buildConfigurations = (
				97F9460B2ECC79A0000AEB63 /* Debug */,
				97F9460C2ECC79A0000AEB63 /* Release */,
			);
			defaultConfigurationIsVisible = 0;
			defaultConfigurationName = Release;
		};
		97F9460D2ECC79A0000AEB63 /* Build configuration list for PBXNativeTarget "RealtimePriceTrackerUITests" */ = {
			isa = XCConfigurationList;
			buildConfigurations = (
				97F9460E2ECC79A0000AEB63 /* Debug */,
				97F9460F2ECC79A0000AEB63 /* Release */,
			);
			defaultConfigurationIsVisible = 0;
			defaultConfigurationName = Release;
		};
/* End XCConfigurationList section */
	};
	rootObject = 97F945DE2ECC799F000AEB63 /* Project object */;
}
